
Microsoft Visual Studio Solution File, Format Version 12.00
# Visual Studio Version 16
VisualStudioVersion = 16.0.28803.452
MinimumVisualStudioVersion = 10.0.40219.1
Project("{151D2E53-A2C4-4D7D-83FE-D05416EBD58E}") = "ARM-DSCv2", "ARM-DSCv2.deployproj", "{D907779C-CAF4-4EAB-89D1-6B8B06D204EE}"
EndProject
Global
	GlobalSection(SolutionConfigurationPlatforms) = preSolution
		Debug|Any CPU = Debug|Any CPU
		Release|Any CPU = Release|Any CPU
	EndGlobalSection
	GlobalSection(ProjectConfigurationPlatforms) = postSolution
		{D907779C-CAF4-4EAB-89D1-6B8B06D204EE}.Debug|Any CPU.ActiveCfg = Debug|Any CPU
		{D907779C-CAF4-4EAB-89D1-6B8B06D204EE}.Debug|Any CPU.Build.0 = Debug|Any CPU
		{D907779C-CAF4-4EAB-89D1-6B8B06D204EE}.Release|Any CPU.ActiveCfg = Release|Any CPU
		{D907779C-CAF4-4EAB-89D1-6B8B06D204EE}.Release|Any CPU.Build.0 = Release|Any CPU
	EndGlobalSection
	GlobalSection(SolutionProperties) = preSolution
		HideSolutionNode = FALSE
	EndGlobalSection
	GlobalSection(ExtensibilityGlobals) = postSolution
		SolutionGuid = {C0792942-7BCE-49D0-840D-00F0DE3B5904}
	EndGlobalSection
EndGlobal
